
Microsoft Visual Studio Solution File, Format Version 12.00
# Visual Studio Version 17
VisualStudioVersion = 17.13.35828.75 d17.13
MinimumVisualStudioVersion = 10.0.40219.1
Project("{2150E333-8FDC-42A3-9474-1A3956D46DE8}") = "CORE", "CORE", "{02EA681E-C7D8-13C7-8484-4AC65E1B71E8}"
EndProject
Project("{FAE04EC0-301F-11D3-BF4B-00C04F79EFBC}") = "Serilog.Api", "Serilog.Api\Serilog.Api.csproj", "{2EF9914A-BA4C-4873-B27D-E1E41856825F}"
EndProject
Project("{FAE04EC0-301F-11D3-BF4B-00C04F79EFBC}") = "Serilog.Aplicacao", "Serilog.Aplicacao\Serilog.Aplicacao.csproj", "{BFB257AF-49D8-4933-8BB4-D56524DE994A}"
EndProject
Global
	GlobalSection(SolutionConfigurationPlatforms) = preSolution
		Debug|Any CPU = Debug|Any CPU
		Release|Any CPU = Release|Any CPU
	EndGlobalSection
	GlobalSection(ProjectConfigurationPlatforms) = postSolution
		{2EF9914A-BA4C-4873-B27D-E1E41856825F}.Debug|Any CPU.ActiveCfg = Debug|Any CPU
		{2EF9914A-BA4C-4873-B27D-E1E41856825F}.Debug|Any CPU.Build.0 = Debug|Any CPU
		{2EF9914A-BA4C-4873-B27D-E1E41856825F}.Release|Any CPU.ActiveCfg = Release|Any CPU
		{2EF9914A-BA4C-4873-B27D-E1E41856825F}.Release|Any CPU.Build.0 = Release|Any CPU
		{BFB257AF-49D8-4933-8BB4-D56524DE994A}.Debug|Any CPU.ActiveCfg = Debug|Any CPU
		{BFB257AF-49D8-4933-8BB4-D56524DE994A}.Debug|Any CPU.Build.0 = Debug|Any CPU
		{BFB257AF-49D8-4933-8BB4-D56524DE994A}.Release|Any CPU.ActiveCfg = Release|Any CPU
		{BFB257AF-49D8-4933-8BB4-D56524DE994A}.Release|Any CPU.Build.0 = Release|Any CPU
	EndGlobalSection
	GlobalSection(SolutionProperties) = preSolution
		HideSolutionNode = FALSE
	EndGlobalSection
	GlobalSection(NestedProjects) = preSolution
		{BFB257AF-49D8-4933-8BB4-D56524DE994A} = {02EA681E-C7D8-13C7-8484-4AC65E1B71E8}
	EndGlobalSection
	GlobalSection(ExtensibilityGlobals) = postSolution
		SolutionGuid = {71FEC0C9-5E37-425C-96EE-B4A46D68CF59}
	EndGlobalSection
EndGlobal
